
Microsoft Visual Studio Solution File, Format Version 12.00
# Visual Studio 2013
VisualStudioVersion = 12.0.40629.0
MinimumVisualStudioVersion = 10.0.40219.1
Project("{FAE04EC0-301F-11D3-BF4B-00C04F79EFBC}") = "RfcFacil", "RfcFacil\RfcFacil.csproj", "{67C4B9AB-12C1-4ADD-8841-09233EBDEB99}"
EndProject
Project("{FAE04EC0-301F-11D3-BF4B-00C04F79EFBC}") = "RfcFacil.SampleConsole", "RfcFacil.SampleConsole\RfcFacil.SampleConsole.csproj", "{431B7D75-B177-43CB-905A-AC1ADE02A8C5}"
EndProject
Global
	GlobalSection(SolutionConfigurationPlatforms) = preSolution
		Debug|Any CPU = Debug|Any CPU
		Release|Any CPU = Release|Any CPU
	EndGlobalSection
	GlobalSection(ProjectConfigurationPlatforms) = postSolution
		{67C4B9AB-12C1-4ADD-8841-09233EBDEB99}.Debug|Any CPU.ActiveCfg = Debug|Any CPU
		{67C4B9AB-12C1-4ADD-8841-09233EBDEB99}.Debug|Any CPU.Build.0 = Debug|Any CPU
		{67C4B9AB-12C1-4ADD-8841-09233EBDEB99}.Release|Any CPU.ActiveCfg = Release|Any CPU
		{67C4B9AB-12C1-4ADD-8841-09233EBDEB99}.Release|Any CPU.Build.0 = Release|Any CPU
		{431B7D75-B177-43CB-905A-AC1ADE02A8C5}.Debug|Any CPU.ActiveCfg = Debug|Any CPU
		{431B7D75-B177-43CB-905A-AC1ADE02A8C5}.Debug|Any CPU.Build.0 = Debug|Any CPU
		{431B7D75-B177-43CB-905A-AC1ADE02A8C5}.Release|Any CPU.ActiveCfg = Release|Any CPU
		{431B7D75-B177-43CB-905A-AC1ADE02A8C5}.Release|Any CPU.Build.0 = Release|Any CPU
	EndGlobalSection
	GlobalSection(SolutionProperties) = preSolution
		HideSolutionNode = FALSE
	EndGlobalSection
EndGlobal
